{
  "originHash" : "bc0e5c948b362b3e0403a86b46591fdd5670a03292e7f94a8062fa9ae3e5b93f",
  "pins" : [
    {
      "identity" : "secp256k1.swift",
      "kind" : "remoteSourceControl",
      "location" : "https://github.com/GigaBitcoin/secp256k1.swift",
      "state" : {
        "revision" : "dcbf99a591ca320ba44e8fc5ae8eeb960589417f",
        "version" : "0.2.0"
      }
    }
  ],
  "version" : 3
}
